
Microsoft Visual Studio Solution File, Format Version 12.00
# Visual Studio Version 16
VisualStudioVersion = 16.0.31702.278
MinimumVisualStudioVersion = 10.0.40219.1
Project("{FAE04EC0-301F-11D3-BF4B-00C04F79EFBC}") = "EmployeeTest", "EmployeeTest\EmployeeTest.csproj", "{405C28BE-B30D-4B92-A6AB-B595740BCB7F}"
EndProject
Project("{FAE04EC0-301F-11D3-BF4B-00C04F79EFBC}") = "EmployeeTest.Business", "EmployeeTest.Business\EmployeeTest.Business.csproj", "{A5B98808-946B-48F7-B576-02CC0E9D6B1D}"
EndProject
Project("{FAE04EC0-301F-11D3-BF4B-00C04F79EFBC}") = "EmployeeTest.DataAccess", "EmployeeTest.DataAccess\EmployeeTest.DataAccess.csproj", "{D3414680-8E6D-46FD-942E-A9ACA1B4E39B}"
EndProject
Project("{FAE04EC0-301F-11D3-BF4B-00C04F79EFBC}") = "EmployeeTestProject", "EmployeeTestProject\EmployeeTestProject.csproj", "{203B3830-888E-4AA6-B167-FD3E30CB1C45}"
EndProject
Global
	GlobalSection(SolutionConfigurationPlatforms) = preSolution
		Debug|Any CPU = Debug|Any CPU
		Release|Any CPU = Release|Any CPU
	EndGlobalSection
	GlobalSection(ProjectConfigurationPlatforms) = postSolution
		{405C28BE-B30D-4B92-A6AB-B595740BCB7F}.Debug|Any CPU.ActiveCfg = Debug|Any CPU
		{405C28BE-B30D-4B92-A6AB-B595740BCB7F}.Debug|Any CPU.Build.0 = Debug|Any CPU
		{405C28BE-B30D-4B92-A6AB-B595740BCB7F}.Release|Any CPU.ActiveCfg = Release|Any CPU
		{405C28BE-B30D-4B92-A6AB-B595740BCB7F}.Release|Any CPU.Build.0 = Release|Any CPU
		{A5B98808-946B-48F7-B576-02CC0E9D6B1D}.Debug|Any CPU.ActiveCfg = Debug|Any CPU
		{A5B98808-946B-48F7-B576-02CC0E9D6B1D}.Debug|Any CPU.Build.0 = Debug|Any CPU
		{A5B98808-946B-48F7-B576-02CC0E9D6B1D}.Release|Any CPU.ActiveCfg = Release|Any CPU
		{A5B98808-946B-48F7-B576-02CC0E9D6B1D}.Release|Any CPU.Build.0 = Release|Any CPU
		{D3414680-8E6D-46FD-942E-A9ACA1B4E39B}.Debug|Any CPU.ActiveCfg = Debug|Any CPU
		{D3414680-8E6D-46FD-942E-A9ACA1B4E39B}.Debug|Any CPU.Build.0 = Debug|Any CPU
		{D3414680-8E6D-46FD-942E-A9ACA1B4E39B}.Release|Any CPU.ActiveCfg = Release|Any CPU
		{D3414680-8E6D-46FD-942E-A9ACA1B4E39B}.Release|Any CPU.Build.0 = Release|Any CPU
		{203B3830-888E-4AA6-B167-FD3E30CB1C45}.Debug|Any CPU.ActiveCfg = Debug|Any CPU
		{203B3830-888E-4AA6-B167-FD3E30CB1C45}.Debug|Any CPU.Build.0 = Debug|Any CPU
		{203B3830-888E-4AA6-B167-FD3E30CB1C45}.Release|Any CPU.ActiveCfg = Release|Any CPU
		{203B3830-888E-4AA6-B167-FD3E30CB1C45}.Release|Any CPU.Build.0 = Release|Any CPU
	EndGlobalSection
	GlobalSection(SolutionProperties) = preSolution
		HideSolutionNode = FALSE
	EndGlobalSection
	GlobalSection(ExtensibilityGlobals) = postSolution
		SolutionGuid = {B770E0FF-CA89-4B39-9851-651661086EBD}
	EndGlobalSection
EndGlobal
